// !$*UTF8*$!
{
	archiveVersion = 1;
	classes = {
	};
	objectVersion = 48;
	objects = {

/* Begin PBXBuildFile section */
		09437F3AB541B63F7338AEE5 /* Pods_CreepyBarCodeScanner.framework in Frameworks */ = {isa = PBXBuildFile; fileRef = B265CD938A15375BBEF8D00D /* Pods_CreepyBarCodeScanner.framework */; };
		269AD5EE204BF998001D0EBA /* AppDelegate.swift in Sources */ = {isa = PBXBuildFile; fileRef = 269AD5ED204BF998001D0EBA /* AppDelegate.swift */; };
		269AD5F0204BF998001D0EBA /* ViewController.swift in Sources */ = {isa = PBXBuildFile; fileRef = 269AD5EF204BF998001D0EBA /* ViewController.swift */; };
		269AD5F3204BF998001D0EBA /* Main.storyboard in Resources */ = {isa = PBXBuildFile; fileRef = 269AD5F1204BF998001D0EBA /* Main.storyboard */; };
		269AD5F5204BF998001D0EBA /* Assets.xcassets in Resources */ = {isa = PBXBuildFile; fileRef = 269AD5F4204BF998001D0EBA /* Assets.xcassets */; };
		269AD5F8204BF998001D0EBA /* LaunchScreen.storyboard in Resources */ = {isa = PBXBuildFile; fileRef = 269AD5F6204BF998001D0EBA /* LaunchScreen.storyboard */; };
/* End PBXBuildFile section */

/* Begin PBXFileReference section */
		269AD5EA204BF998001D0EBA /* CreepyBarCodeScanner.app */ = {isa = PBXFileReference; explicitFileType = wrapper.application; includeInIndex = 0; path = CreepyBarCodeScanner.app; sourceTree = BUILT_PRODUCTS_DIR; };
		269AD5ED204BF998001D0EBA /* AppDelegate.swift */ = {isa = PBXFileReference; lastKnownFileType = sourcecode.swift; path = AppDelegate.swift; sourceTree = "<group>"; };
		269AD5EF204BF998001D0EBA /* ViewController.swift */ = {isa = PBXFileReference; lastKnownFileType = sourcecode.swift; path = ViewController.swift; sourceTree = "<group>"; };
		269AD5F2204BF998001D0EBA /* Base */ = {isa = PBXFileReference; lastKnownFileType = file.storyboard; name = Base; path = Base.lproj/Main.storyboard; sourceTree = "<group>"; };
		269AD5F4204BF998001D0EBA /* Assets.xcassets */ = {isa = PBXFileReference; lastKnownFileType = folder.assetcatalog; path = Assets.xcassets; sourceTree = "<group>"; };
		269AD5F7204BF998001D0EBA /* Base */ = {isa = PBXFileReference; lastKnownFileType = file.storyboard; name = Base; path = Base.lproj/LaunchScreen.storyboard; sourceTree = "<group>"; };
		269AD5F9204BF998001D0EBA /* Info.plist */ = {isa = PBXFileReference; lastKnownFileType = text.plist.xml; path = Info.plist; sourceTree = "<group>"; };
		4C8A2AF049033A7F675DED57 /* Pods-CreepyBarCodeScanner.debug.xcconfig */ = {isa = PBXFileReference; includeInIndex = 1; lastKnownFileType = text.xcconfig; name = "Pods-CreepyBarCodeScanner.debug.xcconfig"; path = "Pods/Target Support Files/Pods-CreepyBarCodeScanner/Pods-CreepyBarCodeScanner.debug.xcconfig"; sourceTree = "<group>"; };
		B265CD938A15375BBEF8D00D /* Pods_CreepyBarCodeScanner.framework */ = {isa = PBXFileReference; explicitFileType = wrapper.framework; includeInIndex = 0; path = Pods_CreepyBarCodeScanner.framework; sourceTree = BUILT_PRODUCTS_DIR; };
		C2C522C3E8310B11AF789A12 /* Pods-CreepyBarCodeScanner.release.xcconfig */ = {isa = PBXFileReference; includeInIndex = 1; lastKnownFileType = text.xcconfig; name = "Pods-CreepyBarCodeScanner.release.xcconfig"; path = "Pods/Target Support Files/Pods-CreepyBarCodeScanner/Pods-CreepyBarCodeScanner.release.xcconfig"; sourceTree = "<group>"; };
/* End PBXFileReference section */

/* Begin PBXFrameworksBuildPhase section */
		269AD5E7204BF998001D0EBA /* Frameworks */ = {
			isa = PBXFrameworksBuildPhase;
			buildActionMask = 2147483647;
			files = (
				09437F3AB541B63F7338AEE5 /* Pods_CreepyBarCodeScanner.framework in Frameworks */,
			);
			runOnlyForDeploymentPostprocessing = 0;
		};
/* End PBXFrameworksBuildPhase section */

/* Begin PBXGroup section */
		269AD5E1204BF997001D0EBA = {
			isa = PBXGroup;
			children = (
				269AD5EC204BF998001D0EBA /* CreepyBarCodeScanner */,
				269AD5EB204BF998001D0EBA /* Products */,
				75470EA6B4EF8494E014A1BB /* Pods */,
				958674C9529E3554C95DD7CC /* Frameworks */,
			);
			sourceTree = "<group>";
		};
		269AD5EB204BF998001D0EBA /* Products */ = {
			isa = PBXGroup;
			children = (
				269AD5EA204BF998001D0EBA /* CreepyBarCodeScanner.app */,
			);
			name = Products;
			sourceTree = "<group>";
		};
		269AD5EC204BF998001D0EBA /* CreepyBarCodeScanner */ = {
			isa = PBXGroup;
			children = (
				269AD5ED204BF998001D0EBA /* AppDelegate.swift */,
				269AD5EF204BF998001D0EBA /* ViewController.swift */,
				269AD5F1204BF998001D0EBA /* Main.storyboard */,
				269AD5F4204BF998001D0EBA /* Assets.xcassets */,
				269AD5F6204BF998001D0EBA /* LaunchScreen.storyboard */,
				269AD5F9204BF998001D0EBA /* Info.plist */,
			);
			path = CreepyBarCodeScanner;
			sourceTree = "<group>";
		};
		75470EA6B4EF8494E014A1BB /* Pods */ = {
			isa = PBXGroup;
			children = (
				4C8A2AF049033A7F675DED57 /* Pods-CreepyBarCodeScanner.debug.xcconfig */,
				C2C522C3E8310B11AF789A12 /* Pods-CreepyBarCodeScanner.release.xcconfig */,
			);
			name = Pods;
			sourceTree = "<group>";
		};
		958674C9529E3554C95DD7CC /* Frameworks */ = {
			isa = PBXGroup;
			children = (
				B265CD938A15375BBEF8D00D /* Pods_CreepyBarCodeScanner.framework */,
			);
			name = Frameworks;
			sourceTree = "<group>";
		};
/* End PBXGroup section */

/* Begin PBXNativeTarget section */
		269AD5E9204BF998001D0EBA /* CreepyBarCodeScanner */ = {
			isa = PBXNativeTarget;
			buildConfigurationList = 269AD5FC204BF998001D0EBA /* Build configuration list for PBXNativeTarget "CreepyBarCodeScanner" */;
			buildPhases = (
				5ABF04717B4A7EBA9FD4A87E /* [CP] Check Pods Manifest.lock */,
				269AD5E6204BF998001D0EBA /* Sources */,
				269AD5E7204BF998001D0EBA /* Frameworks */,
				269AD5E8204BF998001D0EBA /* Resources */,
				B59A95D73725DF5F5AF8EC68 /* [CP] Embed Pods Frameworks */,
				882C412154DCB89B56F2DEDF /* [CP] Copy Pods Resources */,
			);
			buildRules = (
			);
			dependencies = (
			);
			name = CreepyBarCodeScanner;
			productName = CreepyBarCodeScanner;
			productReference = 269AD5EA204BF998001D0EBA /* CreepyBarCodeScanner.app */;
			productType = "com.apple.product-type.application";
		};
/* End PBXNativeTarget section */

/* Begin PBXProject section */
		269AD5E2204BF997001D0EBA /* Project object */ = {
			isa = PBXProject;
			attributes = {
				LastSwiftUpdateCheck = 0920;
				LastUpgradeCheck = 0920;
				ORGANIZATIONNAME = cidr5;
				TargetAttributes = {
					269AD5E9204BF998001D0EBA = {
						CreatedOnToolsVersion = 9.2;
						ProvisioningStyle = Automatic;
					};
				};
			};
			buildConfigurationList = 269AD5E5204BF997001D0EBA /* Build configuration list for PBXProject "CreepyBarCodeScanner" */;
			compatibilityVersion = "Xcode 8.0";
			developmentRegion = en;
			hasScannedForEncodings = 0;
			knownRegions = (
				en,
				Base,
			);
			mainGroup = 269AD5E1204BF997001D0EBA;
			productRefGroup = 269AD5EB204BF998001D0EBA /* Products */;
			projectDirPath = "";
			projectRoot = "";
			targets = (
				269AD5E9204BF998001D0EBA /* CreepyBarCodeScanner */,
			);
		};
/* End PBXProject section */

/* Begin PBXResourcesBuildPhase section */
		269AD5E8204BF998001D0EBA /* Resources */ = {
			isa = PBXResourcesBuildPhase;
			buildActionMask = 2147483647;
			files = (
				269AD5F8204BF998001D0EBA /* LaunchScreen.storyboard in Resources */,
				269AD5F5204BF998001D0EBA /* Assets.xcassets in Resources */,
				269AD5F3204BF998001D0EBA /* Main.storyboard in Resources */,
			);
			runOnlyForDeploymentPostprocessing = 0;
		};
/* End PBXResourcesBuildPhase section */

/* Begin PBXShellScriptBuildPhase section */
		5ABF04717B4A7EBA9FD4A87E /* [CP] Check Pods Manifest.lock */ = {
			isa = PBXShellScriptBuildPhase;
			buildActionMask = 2147483647;
			files = (
			);
			inputPaths = (
				"${PODS_PODFILE_DIR_PATH}/Podfile.lock",
				"${PODS_ROOT}/Manifest.lock",
			);
			name = "[CP] Check Pods Manifest.lock";
			outputPaths = (
				"$(DERIVED_FILE_DIR)/Pods-CreepyBarCodeScanner-checkManifestLockResult.txt",
			);
			runOnlyForDeploymentPostprocessing = 0;
			shellPath = /bin/sh;
			shellScript = "diff \"${PODS_PODFILE_DIR_PATH}/Podfile.lock\" \"${PODS_ROOT}/Manifest.lock\" > /dev/null\nif [ $? != 0 ] ; then\n    # print error to STDERR\n    echo \"error: The sandbox is not in sync with the Podfile.lock. Run 'pod install' or update your CocoaPods installation.\" >&2\n    exit 1\nfi\n# This output is used by Xcode 'outputs' to avoid re-running this script phase.\necho \"SUCCESS\" > \"${SCRIPT_OUTPUT_FILE_0}\"\n";
			showEnvVarsInLog = 0;
		};
		882C412154DCB89B56F2DEDF /* [CP] Copy Pods Resources */ = {
			isa = PBXShellScriptBuildPhase;
			buildActionMask = 2147483647;
			files = (
			);
			inputPaths = (
			);
			name = "[CP] Copy Pods Resources";
			outputPaths = (
			);
			runOnlyForDeploymentPostprocessing = 0;
			shellPath = /bin/sh;
			shellScript = "\"${SRCROOT}/Pods/Target Support Files/Pods-CreepyBarCodeScanner/Pods-CreepyBarCodeScanner-resources.sh\"\n";
			showEnvVarsInLog = 0;
		};
		B59A95D73725DF5F5AF8EC68 /* [CP] Embed Pods Frameworks */ = {
			isa = PBXShellScriptBuildPhase;
			buildActionMask = 2147483647;
			files = (
			);
			inputPaths = (
				"${SRCROOT}/Pods/Target Support Files/Pods-CreepyBarCodeScanner/Pods-CreepyBarCodeScanner-frameworks.sh",
				"${BUILT_PRODUCTS_DIR}/BarcodeScanner/BarcodeScanner.framework",
			);
			name = "[CP] Embed Pods Frameworks";
			outputPaths = (
				"${TARGET_BUILD_DIR}/${FRAMEWORKS_FOLDER_PATH}/BarcodeScanner.framework",
			);
			runOnlyForDeploymentPostprocessing = 0;
			shellPath = /bin/sh;
			shellScript = "\"${SRCROOT}/Pods/Target Support Files/Pods-CreepyBarCodeScanner/Pods-CreepyBarCodeScanner-frameworks.sh\"\n";
			showEnvVarsInLog = 0;
		};
/* End PBXShellScriptBuildPhase section */

/* Begin PBXSourcesBuildPhase section */
		269AD5E6204BF998001D0EBA /* Sources */ = {
			isa = PBXSourcesBuildPhase;
			buildActionMask = 2147483647;
			files = (
				269AD5F0204BF998001D0EBA /* ViewController.swift in Sources */,
				269AD5EE204BF998001D0EBA /* AppDelegate.swift in Sources */,
			);
			runOnlyForDeploymentPostprocessing = 0;
		};
/* End PBXSourcesBuildPhase section */

/* Begin PBXVariantGroup section */
		269AD5F1204BF998001D0EBA /* Main.storyboard */ = {
			isa = PBXVariantGroup;
			children = (
				269AD5F2204BF998001D0EBA /* Base */,
			);
			name = Main.storyboard;
			sourceTree = "<group>";
		};
		269AD5F6204BF998001D0EBA /* LaunchScreen.storyboard */ = {
			isa = PBXVariantGroup;
			children = (
				269AD5F7204BF998001D0EBA /* Base */,
			);
			name = LaunchScreen.storyboard;
			sourceTree = "<group>";
		};
/* End PBXVariantGroup section */

/* Begin XCBuildConfiguration section */
		269AD5FA204BF998001D0EBA /* Debug */ = {
			isa = XCBuildConfiguration;
			buildSettings = {
				ALWAYS_SEARCH_USER_PATHS = NO;
				CLANG_ANALYZER_NONNULL = YES;
				CLANG_ANALYZER_NUMBER_OBJECT_CONVERSION = YES_AGGRESSIVE;
				CLANG_CXX_LANGUAGE_STANDARD = "gnu++14";
				CLANG_CXX_LIBRARY = "libc++";
				CLANG_ENABLE_MODULES = YES;
				CLANG_ENABLE_OBJC_ARC = YES;
				CLANG_WARN_BLOCK_CAPTURE_AUTORELEASING = YES;
				CLANG_WARN_BOOL_CONVERSION = YES;
				CLANG_WARN_COMMA = YES;
				CLANG_WARN_CONSTANT_CONVERSION = YES;
				CLANG_WARN_DIRECT_OBJC_ISA_USAGE = YES_ERROR;
				CLANG_WARN_DOCUMENTATION_COMMENTS = YES;
				CLANG_WARN_EMPTY_BODY = YES;
				CLANG_WARN_ENUM_CONVERSION = YES;
				CLANG_WARN_INFINITE_RECURSION = YES;
				CLANG_WARN_INT_CONVERSION = YES;
				CLANG_WARN_NON_LITERAL_NULL_CONVERSION = YES;
				CLANG_WARN_OBJC_LITERAL_CONVERSION = YES;
				CLANG_WARN_OBJC_ROOT_CLASS = YES_ERROR;
				CLANG_WARN_RANGE_LOOP_ANALYSIS = YES;
				CLANG_WARN_STRICT_PROTOTYPES = YES;
				CLANG_WARN_SUSPICIOUS_MOVE = YES;
				CLANG_WARN_UNGUARDED_AVAILABILITY = YES_AGGRESSIVE;
				CLANG_WARN_UNREACHABLE_CODE = YES;
				CLANG_WARN__DUPLICATE_METHOD_MATCH = YES;
				CODE_SIGN_IDENTITY = "iPhone Developer";
				COPY_PHASE_STRIP = NO;
				DEBUG_INFORMATION_FORMAT = dwarf;
				ENABLE_STRICT_OBJC_MSGSEND = YES;
				ENABLE_TESTABILITY = YES;
				GCC_C_LANGUAGE_STANDARD = gnu11;
				GCC_DYNAMIC_NO_PIC = NO;
				GCC_NO_COMMON_BLOCKS = YES;
				GCC_OPTIMIZATION_LEVEL = 0;
				GCC_PREPROCESSOR_DEFINITIONS = (
					"DEBUG=1",
					"$(inherited)",
				);
				GCC_WARN_64_TO_32_BIT_CONVERSION = YES;
				GCC_WARN_ABOUT_RETURN_TYPE = YES_ERROR;
				GCC_WARN_UNDECLARED_SELECTOR = YES;
				GCC_WARN_UNINITIALIZED_AUTOS = YES_AGGRESSIVE;
				GCC_WARN_UNUSED_FUNCTION = YES;
				GCC_WARN_UNUSED_VARIABLE = YES;
				IPHONEOS_DEPLOYMENT_TARGET = 11.2;
				MTL_ENABLE_DEBUG_INFO = YES;
				ONLY_ACTIVE_ARCH = YES;
				SDKROOT = iphoneos;
				SWIFT_ACTIVE_COMPILATION_CONDITIONS = DEBUG;
				SWIFT_OPTIMIZATION_LEVEL = "-Onone";
			};
			name = Debug;
		};
		269AD5FB204BF998001D0EBA /* Release */ = {
			isa = XCBuildConfiguration;
			buildSettings = {
				ALWAYS_SEARCH_USER_PATHS = NO;
				CLANG_ANALYZER_NONNULL = YES;
				CLANG_ANALYZER_NUMBER_OBJECT_CONVERSION = YES_AGGRESSIVE;
				CLANG_CXX_LANGUAGE_STANDARD = "gnu++14";
				CLANG_CXX_LIBRARY = "libc++";
				CLANG_ENABLE_MODULES = YES;
				CLANG_ENABLE_OBJC_ARC = YES;
				CLANG_WARN_BLOCK_CAPTURE_AUTORELEASING = YES;
				CLANG_WARN_BOOL_CONVERSION = YES;
				CLANG_WARN_COMMA = YES;
				CLANG_WARN_CONSTANT_CONVERSION = YES;
				CLANG_WARN_DIRECT_OBJC_ISA_USAGE = YES_ERROR;
				CLANG_WARN_DOCUMENTATION_COMMENTS = YES;
				CLANG_WARN_EMPTY_BODY = YES;
				CLANG_WARN_ENUM_CONVERSION = YES;
				CLANG_WARN_INFINITE_RECURSION = YES;
				CLANG_WARN_INT_CONVERSION = YES;
				CLANG_WARN_NON_LITERAL_NULL_CONVERSION = YES;
				CLANG_WARN_OBJC_LITERAL_CONVERSION = YES;
				CLANG_WARN_OBJC_ROOT_CLASS = YES_ERROR;
				CLANG_WARN_RANGE_LOOP_ANALYSIS = YES;
				CLANG_WARN_STRICT_PROTOTYPES = YES;
				CLANG_WARN_SUSPICIOUS_MOVE = YES;
				CLANG_WARN_UNGUARDED_AVAILABILITY = YES_AGGRESSIVE;
				CLANG_WARN_UNREACHABLE_CODE = YES;
				CLANG_WARN__DUPLICATE_METHOD_MATCH = YES;
				CODE_SIGN_IDENTITY = "iPhone Developer";
				COPY_PHASE_STRIP = NO;
				DEBUG_INFORMATION_FORMAT = "dwarf-with-dsym";
				ENABLE_NS_ASSERTIONS = NO;
				ENABLE_STRICT_OBJC_MSGSEND = YES;
				GCC_C_LANGUAGE_STANDARD = gnu11;
				GCC_NO_COMMON_BLOCKS = YES;
				GCC_WARN_64_TO_32_BIT_CONVERSION = YES;
				GCC_WARN_ABOUT_RETURN_TYPE = YES_ERROR;
				GCC_WARN_UNDECLARED_SELECTOR = YES;
				GCC_WARN_UNINITIALIZED_AUTOS = YES_AGGRESSIVE;
				GCC_WARN_UNUSED_FUNCTION = YES;
				GCC_WARN_UNUSED_VARIABLE = YES;
				IPHONEOS_DEPLOYMENT_TARGET = 11.2;
				MTL_ENABLE_DEBUG_INFO = NO;
				SDKROOT = iphoneos;
				SWIFT_OPTIMIZATION_LEVEL = "-Owholemodule";
				VALIDATE_PRODUCT = YES;
			};
			name = Release;
		};
		269AD5FD204BF998001D0EBA /* Debug */ = {
			isa = XCBuildConfiguration;
			baseConfigurationReference = 4C8A2AF049033A7F675DED57 /* Pods-CreepyBarCodeScanner.debug.xcconfig */;
			buildSettings = {
				ASSETCATALOG_COMPILER_APPICON_NAME = AppIcon;
				CODE_SIGN_STYLE = Automatic;
				DEVELOPMENT_TEAM = ADQB5KFLF2;
				INFOPLIST_FILE = CreepyBarCodeScanner/Info.plist;
				IPHONEOS_DEPLOYMENT_TARGET = 10.0;
				LD_RUNPATH_SEARCH_PATHS = "$(inherited) @executable_path/Frameworks";
				PRODUCT_BUNDLE_IDENTIFIER = ci5.CreepyBarCodeScanner;
				PRODUCT_NAME = "$(TARGET_NAME)";
				SWIFT_VERSION = 4.0;
				TARGETED_DEVICE_FAMILY = "1,2";
			};
			name = Debug;
		};
		269AD5FE204BF998001D0EBA /* Release */ = {
			isa = XCBuildConfiguration;
			baseConfigurationReference = C2C522C3E8310B11AF789A12 /* Pods-CreepyBarCodeScanner.release.xcconfig */;
			buildSettings = {
				ASSETCATALOG_COMPILER_APPICON_NAME = AppIcon;
				CODE_SIGN_STYLE = Automatic;
				DEVELOPMENT_TEAM = ADQB5KFLF2;
				INFOPLIST_FILE = CreepyBarCodeScanner/Info.plist;
				IPHONEOS_DEPLOYMENT_TARGET = 10.0;
				LD_RUNPATH_SEARCH_PATHS = "$(inherited) @executable_path/Frameworks";
				PRODUCT_BUNDLE_IDENTIFIER = ci5.CreepyBarCodeScanner;
				PRODUCT_NAME = "$(TARGET_NAME)";
				SWIFT_VERSION = 4.0;
				TARGETED_DEVICE_FAMILY = "1,2";
			};
			name = Release;
		};
/* End XCBuildConfiguration section */

/* Begin XCConfigurationList section */
		269AD5E5204BF997001D0EBA /* Build configuration list for PBXProject "CreepyBarCodeScanner" */ = {
			isa = XCConfigurationList;
			buildConfigurations = (
				269AD5FA204BF998001D0EBA /* Debug */,
				269AD5FB204BF998001D0EBA /* Release */,
			);
			defaultConfigurationIsVisible = 0;
			defaultConfigurationName = Release;
		};
		269AD5FC204BF998001D0EBA /* Build configuration list for PBXNativeTarget "CreepyBarCodeScanner" */ = {
			isa = XCConfigurationList;
			buildConfigurations = (
				269AD5FD204BF998001D0EBA /* Debug */,
				269AD5FE204BF998001D0EBA /* Release */,
			);
			defaultConfigurationIsVisible = 0;
			defaultConfigurationName = Release;
		};
/* End XCConfigurationList section */
	};
	rootObject = 269AD5E2204BF997001D0EBA /* Project object */;
}
